// !$*UTF8*$!
{
	archiveVersion = 1;
	classes = {
	};
	objectVersion = 46;
	objects = {

/* Begin PBXBuildFile section */
		9C8332751DF73BA90067DC80 /* AppDelegate.swift in Sources */ = {isa = PBXBuildFile; fileRef = 9C8332741DF73BA90067DC80 /* AppDelegate.swift */; };
		9C8332771DF73BA90067DC80 /* ActivityController.swift in Sources */ = {isa = PBXBuildFile; fileRef = 9C8332761DF73BA90067DC80 /* ActivityController.swift */; };
		9C83327A1DF73BA90067DC80 /* Main.storyboard in Resources */ = {isa = PBXBuildFile; fileRef = 9C8332781DF73BA90067DC80 /* Main.storyboard */; };
		9C83327C1DF73BA90067DC80 /* Assets.xcassets in Resources */ = {isa = PBXBuildFile; fileRef = 9C83327B1DF73BA90067DC80 /* Assets.xcassets */; };
		9C83327F1DF73BA90067DC80 /* LaunchScreen.storyboard in Resources */ = {isa = PBXBuildFile; fileRef = 9C83327D1DF73BA90067DC80 /* LaunchScreen.storyboard */; };
		9C8332871DF73BBD0067DC80 /* Podfile in Resources */ = {isa = PBXBuildFile; fileRef = 9C8332861DF73BBD0067DC80 /* Podfile */; };
		9CE37EC71DF73EE300E4E310 /* Event.swift in Sources */ = {isa = PBXBuildFile; fileRef = 9CE37EC61DF73EE300E4E310 /* Event.swift */; };
/* End PBXBuildFile section */

/* Begin PBXFileReference section */
		9C8332711DF73BA90067DC80 /* GitFeed.app */ = {isa = PBXFileReference; explicitFileType = wrapper.application; includeInIndex = 0; path = GitFeed.app; sourceTree = BUILT_PRODUCTS_DIR; };
		9C8332741DF73BA90067DC80 /* AppDelegate.swift */ = {isa = PBXFileReference; lastKnownFileType = sourcecode.swift; path = AppDelegate.swift; sourceTree = "<group>"; };
		9C8332761DF73BA90067DC80 /* ActivityController.swift */ = {isa = PBXFileReference; lastKnownFileType = sourcecode.swift; path = ActivityController.swift; sourceTree = "<group>"; };
		9C8332791DF73BA90067DC80 /* Base */ = {isa = PBXFileReference; lastKnownFileType = file.storyboard; name = Base; path = Base.lproj/Main.storyboard; sourceTree = "<group>"; };
		9C83327B1DF73BA90067DC80 /* Assets.xcassets */ = {isa = PBXFileReference; lastKnownFileType = folder.assetcatalog; path = Assets.xcassets; sourceTree = "<group>"; };
		9C83327E1DF73BA90067DC80 /* Base */ = {isa = PBXFileReference; lastKnownFileType = file.storyboard; name = Base; path = Base.lproj/LaunchScreen.storyboard; sourceTree = "<group>"; };
		9C8332801DF73BA90067DC80 /* Info.plist */ = {isa = PBXFileReference; lastKnownFileType = text.plist.xml; path = Info.plist; sourceTree = "<group>"; };
		9C8332861DF73BBD0067DC80 /* Podfile */ = {isa = PBXFileReference; fileEncoding = 4; lastKnownFileType = text; path = Podfile; sourceTree = "<group>"; xcLanguageSpecificationIdentifier = xcode.lang.ruby; };
		9CE37EC61DF73EE300E4E310 /* Event.swift */ = {isa = PBXFileReference; fileEncoding = 4; lastKnownFileType = sourcecode.swift; path = Event.swift; sourceTree = "<group>"; };
/* End PBXFileReference section */

/* Begin PBXFrameworksBuildPhase section */
		9C83326E1DF73BA90067DC80 /* Frameworks */ = {
			isa = PBXFrameworksBuildPhase;
			buildActionMask = 2147483647;
			files = (
			);
			runOnlyForDeploymentPostprocessing = 0;
		};
/* End PBXFrameworksBuildPhase section */

/* Begin PBXGroup section */
		9C30C3F71E06FC3900C6C510 /* Assets */ = {
			isa = PBXGroup;
			children = (
				9C8332781DF73BA90067DC80 /* Main.storyboard */,
				9C83327B1DF73BA90067DC80 /* Assets.xcassets */,
				9C83327D1DF73BA90067DC80 /* LaunchScreen.storyboard */,
				9C8332801DF73BA90067DC80 /* Info.plist */,
			);
			name = Assets;
			sourceTree = "<group>";
		};
		9C8332681DF73BA90067DC80 = {
			isa = PBXGroup;
			children = (
				9C8332861DF73BBD0067DC80 /* Podfile */,
				9C8332731DF73BA90067DC80 /* GitFeed */,
				9C8332721DF73BA90067DC80 /* Products */,
				F5C394BA50904BF5732EF8A1 /* Pods */,
			);
			indentWidth = 2;
			sourceTree = "<group>";
			tabWidth = 2;
		};
		9C8332721DF73BA90067DC80 /* Products */ = {
			isa = PBXGroup;
			children = (
				9C8332711DF73BA90067DC80 /* GitFeed.app */,
			);
			name = Products;
			sourceTree = "<group>";
		};
		9C8332731DF73BA90067DC80 /* GitFeed */ = {
			isa = PBXGroup;
			children = (
				9C30C3F71E06FC3900C6C510 /* Assets */,
				9C8332761DF73BA90067DC80 /* ActivityController.swift */,
				9CE37EC61DF73EE300E4E310 /* Event.swift */,
				9C8332741DF73BA90067DC80 /* AppDelegate.swift */,
			);
			path = GitFeed;
			sourceTree = "<group>";
		};
		F5C394BA50904BF5732EF8A1 /* Pods */ = {
			isa = PBXGroup;
			children = (
			);
			path = Pods;
			sourceTree = "<group>";
		};
/* End PBXGroup section */

/* Begin PBXNativeTarget section */
		9C8332701DF73BA90067DC80 /* GitFeed */ = {
			isa = PBXNativeTarget;
			buildConfigurationList = 9C8332831DF73BA90067DC80 /* Build configuration list for PBXNativeTarget "GitFeed" */;
			buildPhases = (
				9C83326D1DF73BA90067DC80 /* Sources */,
				9C83326E1DF73BA90067DC80 /* Frameworks */,
				9C83326F1DF73BA90067DC80 /* Resources */,
			);
			buildRules = (
			);
			dependencies = (
			);
			name = GitFeed;
			productName = GitFeed;
			productReference = 9C8332711DF73BA90067DC80 /* GitFeed.app */;
			productType = "com.apple.product-type.application";
		};
/* End PBXNativeTarget section */

/* Begin PBXProject section */
		9C8332691DF73BA90067DC80 /* Project object */ = {
			isa = PBXProject;
			attributes = {
				LastSwiftUpdateCheck = 0810;
				LastUpgradeCheck = 1140;
				ORGANIZATIONNAME = "Ray Wenderlich";
				TargetAttributes = {
					9C8332701DF73BA90067DC80 = {
						CreatedOnToolsVersion = 8.1;
						LastSwiftMigration = 1140;
						ProvisioningStyle = Automatic;
					};
				};
			};
			buildConfigurationList = 9C83326C1DF73BA90067DC80 /* Build configuration list for PBXProject "GitFeed" */;
			compatibilityVersion = "Xcode 3.2";
			developmentRegion = en;
			hasScannedForEncodings = 0;
			knownRegions = (
				en,
				Base,
			);
			mainGroup = 9C8332681DF73BA90067DC80;
			productRefGroup = 9C8332721DF73BA90067DC80 /* Products */;
			projectDirPath = "";
			projectRoot = "";
			targets = (
				9C8332701DF73BA90067DC80 /* GitFeed */,
			);
		};
/* End PBXProject section */

/* Begin PBXResourcesBuildPhase section */
		9C83326F1DF73BA90067DC80 /* Resources */ = {
			isa = PBXResourcesBuildPhase;
			buildActionMask = 2147483647;
			files = (
				9C83327F1DF73BA90067DC80 /* LaunchScreen.storyboard in Resources */,
				9C83327C1DF73BA90067DC80 /* Assets.xcassets in Resources */,
				9C8332871DF73BBD0067DC80 /* Podfile in Resources */,
				9C83327A1DF73BA90067DC80 /* Main.storyboard in Resources */,
			);
			runOnlyForDeploymentPostprocessing = 0;
		};
/* End PBXResourcesBuildPhase section */

/* Begin PBXSourcesBuildPhase section */
		9C83326D1DF73BA90067DC80 /* Sources */ = {
			isa = PBXSourcesBuildPhase;
			buildActionMask = 2147483647;
			files = (
				9C8332771DF73BA90067DC80 /* ActivityController.swift in Sources */,
				9CE37EC71DF73EE300E4E310 /* Event.swift in Sources */,
				9C8332751DF73BA90067DC80 /* AppDelegate.swift in Sources */,
			);
			runOnlyForDeploymentPostprocessing = 0;
		};
/* End PBXSourcesBuildPhase section */

/* Begin PBXVariantGroup section */
		9C8332781DF73BA90067DC80 /* Main.storyboard */ = {
			isa = PBXVariantGroup;
			children = (
				9C8332791DF73BA90067DC80 /* Base */,
			);
			name = Main.storyboard;
			sourceTree = "<group>";
		};
		9C83327D1DF73BA90067DC80 /* LaunchScreen.storyboard */ = {
			isa = PBXVariantGroup;
			children = (
				9C83327E1DF73BA90067DC80 /* Base */,
			);
			name = LaunchScreen.storyboard;
			sourceTree = "<group>";
		};
/* End PBXVariantGroup section */

/* Begin XCBuildConfiguration section */
		9C8332811DF73BA90067DC80 /* Debug */ = {
			isa = XCBuildConfiguration;
			buildSettings = {
				ALWAYS_SEARCH_USER_PATHS = NO;
				CLANG_ANALYZER_LOCALIZABILITY_NONLOCALIZED = YES;
				CLANG_ANALYZER_NONNULL = YES;
				CLANG_CXX_LANGUAGE_STANDARD = "gnu++0x";
				CLANG_CXX_LIBRARY = "libc++";
				CLANG_ENABLE_MODULES = YES;
				CLANG_ENABLE_OBJC_ARC = YES;
				CLANG_WARN_BLOCK_CAPTURE_AUTORELEASING = YES;
				CLANG_WARN_BOOL_CONVERSION = YES;
				CLANG_WARN_COMMA = YES;
				CLANG_WARN_CONSTANT_CONVERSION = YES;
				CLANG_WARN_DEPRECATED_OBJC_IMPLEMENTATIONS = YES;
				CLANG_WARN_DIRECT_OBJC_ISA_USAGE = YES_ERROR;
				CLANG_WARN_DOCUMENTATION_COMMENTS = YES;
				CLANG_WARN_EMPTY_BODY = YES;
				CLANG_WARN_ENUM_CONVERSION = YES;
				CLANG_WARN_INFINITE_RECURSION = YES;
				CLANG_WARN_INT_CONVERSION = YES;
				CLANG_WARN_NON_LITERAL_NULL_CONVERSION = YES;
				CLANG_WARN_OBJC_IMPLICIT_RETAIN_SELF = YES;
				CLANG_WARN_OBJC_LITERAL_CONVERSION = YES;
				CLANG_WARN_OBJC_ROOT_CLASS = YES_ERROR;
				CLANG_WARN_RANGE_LOOP_ANALYSIS = YES;
				CLANG_WARN_STRICT_PROTOTYPES = YES;
				CLANG_WARN_SUSPICIOUS_MOVE = YES;
				CLANG_WARN_SUSPICIOUS_MOVES = YES;
				CLANG_WARN_UNREACHABLE_CODE = YES;
				CLANG_WARN__DUPLICATE_METHOD_MATCH = YES;
				"CODE_SIGN_IDENTITY[sdk=iphoneos*]" = "iPhone Developer";
				COPY_PHASE_STRIP = NO;
				DEBUG_INFORMATION_FORMAT = dwarf;
				ENABLE_STRICT_OBJC_MSGSEND = YES;
				ENABLE_TESTABILITY = YES;
				GCC_C_LANGUAGE_STANDARD = gnu99;
				GCC_DYNAMIC_NO_PIC = NO;
				GCC_NO_COMMON_BLOCKS = YES;
				GCC_OPTIMIZATION_LEVEL = 0;
				GCC_PREPROCESSOR_DEFINITIONS = (
					"DEBUG=1",
					"$(inherited)",
				);
				GCC_WARN_64_TO_32_BIT_CONVERSION = YES;
				GCC_WARN_ABOUT_RETURN_TYPE = YES_ERROR;
				GCC_WARN_UNDECLARED_SELECTOR = YES;
				GCC_WARN_UNINITIALIZED_AUTOS = YES_AGGRESSIVE;
				GCC_WARN_UNUSED_FUNCTION = YES;
				GCC_WARN_UNUSED_VARIABLE = YES;
				IPHONEOS_DEPLOYMENT_TARGET = 12.1;
				MTL_ENABLE_DEBUG_INFO = YES;
				ONLY_ACTIVE_ARCH = YES;
				SDKROOT = iphoneos;
				SWIFT_ACTIVE_COMPILATION_CONDITIONS = DEBUG;
				SWIFT_OPTIMIZATION_LEVEL = "-Onone";
			};
			name = Debug;
		};
		9C8332821DF73BA90067DC80 /* Release */ = {
			isa = XCBuildConfiguration;
			buildSettings = {
				ALWAYS_SEARCH_USER_PATHS = NO;
				CLANG_ANALYZER_LOCALIZABILITY_NONLOCALIZED = YES;
				CLANG_ANALYZER_NONNULL = YES;
				CLANG_CXX_LANGUAGE_STANDARD = "gnu++0x";
				CLANG_CXX_LIBRARY = "libc++";
				CLANG_ENABLE_MODULES = YES;
				CLANG_ENABLE_OBJC_ARC = YES;
				CLANG_WARN_BLOCK_CAPTURE_AUTORELEASING = YES;
				CLANG_WARN_BOOL_CONVERSION = YES;
				CLANG_WARN_COMMA = YES;
				CLANG_WARN_CONSTANT_CONVERSION = YES;
				CLANG_WARN_DEPRECATED_OBJC_IMPLEMENTATIONS = YES;
				CLANG_WARN_DIRECT_OBJC_ISA_USAGE = YES_ERROR;
				CLANG_WARN_DOCUMENTATION_COMMENTS = YES;
				CLANG_WARN_EMPTY_BODY = YES;
				CLANG_WARN_ENUM_CONVERSION = YES;
				CLANG_WARN_INFINITE_RECURSION = YES;
				CLANG_WARN_INT_CONVERSION = YES;
				CLANG_WARN_NON_LITERAL_NULL_CONVERSION = YES;
				CLANG_WARN_OBJC_IMPLICIT_RETAIN_SELF = YES;
				CLANG_WARN_OBJC_LITERAL_CONVERSION = YES;
				CLANG_WARN_OBJC_ROOT_CLASS = YES_ERROR;
				CLANG_WARN_RANGE_LOOP_ANALYSIS = YES;
				CLANG_WARN_STRICT_PROTOTYPES = YES;
				CLANG_WARN_SUSPICIOUS_MOVE = YES;
				CLANG_WARN_SUSPICIOUS_MOVES = YES;
				CLANG_WARN_UNREACHABLE_CODE = YES;
				CLANG_WARN__DUPLICATE_METHOD_MATCH = YES;
				"CODE_SIGN_IDENTITY[sdk=iphoneos*]" = "iPhone Developer";
				COPY_PHASE_STRIP = NO;
				DEBUG_INFORMATION_FORMAT = "dwarf-with-dsym";
				ENABLE_NS_ASSERTIONS = NO;
				ENABLE_STRICT_OBJC_MSGSEND = YES;
				GCC_C_LANGUAGE_STANDARD = gnu99;
				GCC_NO_COMMON_BLOCKS = YES;
				GCC_WARN_64_TO_32_BIT_CONVERSION = YES;
				GCC_WARN_ABOUT_RETURN_TYPE = YES_ERROR;
				GCC_WARN_UNDECLARED_SELECTOR = YES;
				GCC_WARN_UNINITIALIZED_AUTOS = YES_AGGRESSIVE;
				GCC_WARN_UNUSED_FUNCTION = YES;
				GCC_WARN_UNUSED_VARIABLE = YES;
				IPHONEOS_DEPLOYMENT_TARGET = 12.1;
				MTL_ENABLE_DEBUG_INFO = NO;
				SDKROOT = iphoneos;
				SWIFT_OPTIMIZATION_LEVEL = "-Owholemodule";
				VALIDATE_PRODUCT = YES;
			};
			name = Release;
		};
		9C8332841DF73BA90067DC80 /* Debug */ = {
			isa = XCBuildConfiguration;
			buildSettings = {
				ASSETCATALOG_COMPILER_APPICON_NAME = AppIcon;
				DEVELOPMENT_TEAM = "";
				INFOPLIST_FILE = GitFeed/Info.plist;
				IPHONEOS_DEPLOYMENT_TARGET = 12.1;
				LD_RUNPATH_SEARCH_PATHS = "$(inherited) @executable_path/Frameworks";
				PRODUCT_BUNDLE_IDENTIFIER = com.raywenderlich.GitFeed;
				PRODUCT_NAME = "$(TARGET_NAME)";
				SWIFT_VERSION = 5.0;
			};
			name = Debug;
		};
		9C8332851DF73BA90067DC80 /* Release */ = {
			isa = XCBuildConfiguration;
			buildSettings = {
				ASSETCATALOG_COMPILER_APPICON_NAME = AppIcon;
				DEVELOPMENT_TEAM = "";
				INFOPLIST_FILE = GitFeed/Info.plist;
				IPHONEOS_DEPLOYMENT_TARGET = 12.1;
				LD_RUNPATH_SEARCH_PATHS = "$(inherited) @executable_path/Frameworks";
				PRODUCT_BUNDLE_IDENTIFIER = com.raywenderlich.GitFeed;
				PRODUCT_NAME = "$(TARGET_NAME)";
				SWIFT_VERSION = 5.0;
			};
			name = Release;
		};
/* End XCBuildConfiguration section */

/* Begin XCConfigurationList section */
		9C83326C1DF73BA90067DC80 /* Build configuration list for PBXProject "GitFeed" */ = {
			isa = XCConfigurationList;
			buildConfigurations = (
				9C8332811DF73BA90067DC80 /* Debug */,
				9C8332821DF73BA90067DC80 /* Release */,
			);
			defaultConfigurationIsVisible = 0;
			defaultConfigurationName = Release;
		};
		9C8332831DF73BA90067DC80 /* Build configuration list for PBXNativeTarget "GitFeed" */ = {
			isa = XCConfigurationList;
			buildConfigurations = (
				9C8332841DF73BA90067DC80 /* Debug */,
				9C8332851DF73BA90067DC80 /* Release */,
			);
			defaultConfigurationIsVisible = 0;
			defaultConfigurationName = Release;
		};
/* End XCConfigurationList section */
	};
	rootObject = 9C8332691DF73BA90067DC80 /* Project object */;
}
